// !$*UTF8*$!
{
	archiveVersion = 1;
	classes = {
	};
	objectVersion = 55;
	objects = {

/* Begin PBXBuildFile section */
		BDD12E30286638EB005C1149 /* AppDelegate.swift in Sources */ = {isa = PBXBuildFile; fileRef = BDD12E2F286638EB005C1149 /* AppDelegate.swift */; };
		BDD12E32286638EB005C1149 /* SceneDelegate.swift in Sources */ = {isa = PBXBuildFile; fileRef = BDD12E31286638EB005C1149 /* SceneDelegate.swift */; };
		BDD12E34286638EB005C1149 /* ViewController.swift in Sources */ = {isa = PBXBuildFile; fileRef = BDD12E33286638EB005C1149 /* ViewController.swift */; };
		BDD12E37286638EB005C1149 /* Main.storyboard in Resources */ = {isa = PBXBuildFile; fileRef = BDD12E35286638EB005C1149 /* Main.storyboard */; };
		BDD12E3A286638EB005C1149 /* ToDoProject.xcdatamodeld in Sources */ = {isa = PBXBuildFile; fileRef = BDD12E38286638EB005C1149 /* ToDoProject.xcdatamodeld */; };
		BDD12E3C286638F4005C1149 /* Assets.xcassets in Resources */ = {isa = PBXBuildFile; fileRef = BDD12E3B286638F4005C1149 /* Assets.xcassets */; };
		BDD12E3F286638F4005C1149 /* LaunchScreen.storyboard in Resources */ = {isa = PBXBuildFile; fileRef = BDD12E3D286638F4005C1149 /* LaunchScreen.storyboard */; };
		BDD12E4A286638F4005C1149 /* ToDoProjectTests.swift in Sources */ = {isa = PBXBuildFile; fileRef = BDD12E49286638F4005C1149 /* ToDoProjectTests.swift */; };
		BDD12E54286638F4005C1149 /* ToDoProjectUITests.swift in Sources */ = {isa = PBXBuildFile; fileRef = BDD12E53286638F4005C1149 /* ToDoProjectUITests.swift */; };
		BDD12E56286638F4005C1149 /* ToDoProjectUITestsLaunchTests.swift in Sources */ = {isa = PBXBuildFile; fileRef = BDD12E55286638F4005C1149 /* ToDoProjectUITestsLaunchTests.swift */; };
/* End PBXBuildFile section */

/* Begin PBXContainerItemProxy section */
		BDD12E46286638F4005C1149 /* PBXContainerItemProxy */ = {
			isa = PBXContainerItemProxy;
			containerPortal = BDD12E24286638EB005C1149 /* Project object */;
			proxyType = 1;
			remoteGlobalIDString = BDD12E2B286638EB005C1149;
			remoteInfo = ToDoProject;
		};
		BDD12E50286638F4005C1149 /* PBXContainerItemProxy */ = {
			isa = PBXContainerItemProxy;
			containerPortal = BDD12E24286638EB005C1149 /* Project object */;
			proxyType = 1;
			remoteGlobalIDString = BDD12E2B286638EB005C1149;
			remoteInfo = ToDoProject;
		};
/* End PBXContainerItemProxy section */

/* Begin PBXFileReference section */
		BDD12E2C286638EB005C1149 /* ToDoProject.app */ = {isa = PBXFileReference; explicitFileType = wrapper.application; includeInIndex = 0; path = ToDoProject.app; sourceTree = BUILT_PRODUCTS_DIR; };
		BDD12E2F286638EB005C1149 /* AppDelegate.swift */ = {isa = PBXFileReference; lastKnownFileType = sourcecode.swift; path = AppDelegate.swift; sourceTree = "<group>"; };
		BDD12E31286638EB005C1149 /* SceneDelegate.swift */ = {isa = PBXFileReference; lastKnownFileType = sourcecode.swift; path = SceneDelegate.swift; sourceTree = "<group>"; };
		BDD12E33286638EB005C1149 /* ViewController.swift */ = {isa = PBXFileReference; lastKnownFileType = sourcecode.swift; path = ViewController.swift; sourceTree = "<group>"; };
		BDD12E36286638EB005C1149 /* Base */ = {isa = PBXFileReference; lastKnownFileType = file.storyboard; name = Base; path = Base.lproj/Main.storyboard; sourceTree = "<group>"; };
		BDD12E39286638EB005C1149 /* ToDoProject.xcdatamodel */ = {isa = PBXFileReference; lastKnownFileType = wrapper.xcdatamodel; path = ToDoProject.xcdatamodel; sourceTree = "<group>"; };
		BDD12E3B286638F4005C1149 /* Assets.xcassets */ = {isa = PBXFileReference; lastKnownFileType = folder.assetcatalog; path = Assets.xcassets; sourceTree = "<group>"; };
		BDD12E3E286638F4005C1149 /* Base */ = {isa = PBXFileReference; lastKnownFileType = file.storyboard; name = Base; path = Base.lproj/LaunchScreen.storyboard; sourceTree = "<group>"; };
		BDD12E40286638F4005C1149 /* Info.plist */ = {isa = PBXFileReference; lastKnownFileType = text.plist.xml; path = Info.plist; sourceTree = "<group>"; };
		BDD12E45286638F4005C1149 /* ToDoProjectTests.xctest */ = {isa = PBXFileReference; explicitFileType = wrapper.cfbundle; includeInIndex = 0; path = ToDoProjectTests.xctest; sourceTree = BUILT_PRODUCTS_DIR; };
		BDD12E49286638F4005C1149 /* ToDoProjectTests.swift */ = {isa = PBXFileReference; lastKnownFileType = sourcecode.swift; path = ToDoProjectTests.swift; sourceTree = "<group>"; };
		BDD12E4F286638F4005C1149 /* ToDoProjectUITests.xctest */ = {isa = PBXFileReference; explicitFileType = wrapper.cfbundle; includeInIndex = 0; path = ToDoProjectUITests.xctest; sourceTree = BUILT_PRODUCTS_DIR; };
		BDD12E53286638F4005C1149 /* ToDoProjectUITests.swift */ = {isa = PBXFileReference; lastKnownFileType = sourcecode.swift; path = ToDoProjectUITests.swift; sourceTree = "<group>"; };
		BDD12E55286638F4005C1149 /* ToDoProjectUITestsLaunchTests.swift */ = {isa = PBXFileReference; lastKnownFileType = sourcecode.swift; path = ToDoProjectUITestsLaunchTests.swift; sourceTree = "<group>"; };
/* End PBXFileReference section */

/* Begin PBXFrameworksBuildPhase section */
		BDD12E29286638EB005C1149 /* Frameworks */ = {
			isa = PBXFrameworksBuildPhase;
			buildActionMask = 2147483647;
			files = (
			);
			runOnlyForDeploymentPostprocessing = 0;
		};
		BDD12E42286638F4005C1149 /* Frameworks */ = {
			isa = PBXFrameworksBuildPhase;
			buildActionMask = 2147483647;
			files = (
			);
			runOnlyForDeploymentPostprocessing = 0;
		};
		BDD12E4C286638F4005C1149 /* Frameworks */ = {
			isa = PBXFrameworksBuildPhase;
			buildActionMask = 2147483647;
			files = (
			);
			runOnlyForDeploymentPostprocessing = 0;
		};
/* End PBXFrameworksBuildPhase section */

/* Begin PBXGroup section */
		BDD12E23286638EB005C1149 = {
			isa = PBXGroup;
			children = (
				BDD12E2E286638EB005C1149 /* ToDoProject */,
				BDD12E48286638F4005C1149 /* ToDoProjectTests */,
				BDD12E52286638F4005C1149 /* ToDoProjectUITests */,
				BDD12E2D286638EB005C1149 /* Products */,
			);
			sourceTree = "<group>";
		};
		BDD12E2D286638EB005C1149 /* Products */ = {
			isa = PBXGroup;
			children = (
				BDD12E2C286638EB005C1149 /* ToDoProject.app */,
				BDD12E45286638F4005C1149 /* ToDoProjectTests.xctest */,
				BDD12E4F286638F4005C1149 /* ToDoProjectUITests.xctest */,
			);
			name = Products;
			sourceTree = "<group>";
		};
		BDD12E2E286638EB005C1149 /* ToDoProject */ = {
			isa = PBXGroup;
			children = (
				BDD12E2F286638EB005C1149 /* AppDelegate.swift */,
				BDD12E31286638EB005C1149 /* SceneDelegate.swift */,
				BDD12E33286638EB005C1149 /* ViewController.swift */,
				BDD12E35286638EB005C1149 /* Main.storyboard */,
				BDD12E3B286638F4005C1149 /* Assets.xcassets */,
				BDD12E3D286638F4005C1149 /* LaunchScreen.storyboard */,
				BDD12E40286638F4005C1149 /* Info.plist */,
				BDD12E38286638EB005C1149 /* ToDoProject.xcdatamodeld */,
			);
			path = ToDoProject;
			sourceTree = "<group>";
		};
		BDD12E48286638F4005C1149 /* ToDoProjectTests */ = {
			isa = PBXGroup;
			children = (
				BDD12E49286638F4005C1149 /* ToDoProjectTests.swift */,
			);
			path = ToDoProjectTests;
			sourceTree = "<group>";
		};
		BDD12E52286638F4005C1149 /* ToDoProjectUITests */ = {
			isa = PBXGroup;
			children = (
				BDD12E53286638F4005C1149 /* ToDoProjectUITests.swift */,
				BDD12E55286638F4005C1149 /* ToDoProjectUITestsLaunchTests.swift */,
			);
			path = ToDoProjectUITests;
			sourceTree = "<group>";
		};
/* End PBXGroup section */

/* Begin PBXNativeTarget section */
		BDD12E2B286638EB005C1149 /* ToDoProject */ = {
			isa = PBXNativeTarget;
			buildConfigurationList = BDD12E59286638F4005C1149 /* Build configuration list for PBXNativeTarget "ToDoProject" */;
			buildPhases = (
				BDD12E28286638EB005C1149 /* Sources */,
				BDD12E29286638EB005C1149 /* Frameworks */,
				BDD12E2A286638EB005C1149 /* Resources */,
			);
			buildRules = (
			);
			dependencies = (
			);
			name = ToDoProject;
			productName = ToDoProject;
			productReference = BDD12E2C286638EB005C1149 /* ToDoProject.app */;
			productType = "com.apple.product-type.application";
		};
		BDD12E44286638F4005C1149 /* ToDoProjectTests */ = {
			isa = PBXNativeTarget;
			buildConfigurationList = BDD12E5C286638F4005C1149 /* Build configuration list for PBXNativeTarget "ToDoProjectTests" */;
			buildPhases = (
				BDD12E41286638F4005C1149 /* Sources */,
				BDD12E42286638F4005C1149 /* Frameworks */,
				BDD12E43286638F4005C1149 /* Resources */,
			);
			buildRules = (
			);
			dependencies = (
				BDD12E47286638F4005C1149 /* PBXTargetDependency */,
			);
			name = ToDoProjectTests;
			productName = ToDoProjectTests;
			productReference = BDD12E45286638F4005C1149 /* ToDoProjectTests.xctest */;
			productType = "com.apple.product-type.bundle.unit-test";
		};
		BDD12E4E286638F4005C1149 /* ToDoProjectUITests */ = {
			isa = PBXNativeTarget;
			buildConfigurationList = BDD12E5F286638F4005C1149 /* Build configuration list for PBXNativeTarget "ToDoProjectUITests" */;
			buildPhases = (
				BDD12E4B286638F4005C1149 /* Sources */,
				BDD12E4C286638F4005C1149 /* Frameworks */,
				BDD12E4D286638F4005C1149 /* Resources */,
			);
			buildRules = (
			);
			dependencies = (
				BDD12E51286638F4005C1149 /* PBXTargetDependency */,
			);
			name = ToDoProjectUITests;
			productName = ToDoProjectUITests;
			productReference = BDD12E4F286638F4005C1149 /* ToDoProjectUITests.xctest */;
			productType = "com.apple.product-type.bundle.ui-testing";
		};
/* End PBXNativeTarget section */

/* Begin PBXProject section */
		BDD12E24286638EB005C1149 /* Project object */ = {
			isa = PBXProject;
			attributes = {
				BuildIndependentTargetsInParallel = 1;
				LastSwiftUpdateCheck = 1340;
				LastUpgradeCheck = 1340;
				TargetAttributes = {
					BDD12E2B286638EB005C1149 = {
						CreatedOnToolsVersion = 13.4.1;
					};
					BDD12E44286638F4005C1149 = {
						CreatedOnToolsVersion = 13.4.1;
						TestTargetID = BDD12E2B286638EB005C1149;
					};
					BDD12E4E286638F4005C1149 = {
						CreatedOnToolsVersion = 13.4.1;
						TestTargetID = BDD12E2B286638EB005C1149;
					};
				};
			};
			buildConfigurationList = BDD12E27286638EB005C1149 /* Build configuration list for PBXProject "ToDoProject" */;
			compatibilityVersion = "Xcode 13.0";
			developmentRegion = en;
			hasScannedForEncodings = 0;
			knownRegions = (
				en,
				Base,
			);
			mainGroup = BDD12E23286638EB005C1149;
			productRefGroup = BDD12E2D286638EB005C1149 /* Products */;
			projectDirPath = "";
			projectRoot = "";
			targets = (
				BDD12E2B286638EB005C1149 /* ToDoProject */,
				BDD12E44286638F4005C1149 /* ToDoProjectTests */,
				BDD12E4E286638F4005C1149 /* ToDoProjectUITests */,
			);
		};
/* End PBXProject section */

/* Begin PBXResourcesBuildPhase section */
		BDD12E2A286638EB005C1149 /* Resources */ = {
			isa = PBXResourcesBuildPhase;
			buildActionMask = 2147483647;
			files = (
				BDD12E3F286638F4005C1149 /* LaunchScreen.storyboard in Resources */,
				BDD12E3C286638F4005C1149 /* Assets.xcassets in Resources */,
				BDD12E37286638EB005C1149 /* Main.storyboard in Resources */,
			);
			runOnlyForDeploymentPostprocessing = 0;
		};
		BDD12E43286638F4005C1149 /* Resources */ = {
			isa = PBXResourcesBuildPhase;
			buildActionMask = 2147483647;
			files = (
			);
			runOnlyForDeploymentPostprocessing = 0;
		};
		BDD12E4D286638F4005C1149 /* Resources */ = {
			isa = PBXResourcesBuildPhase;
			buildActionMask = 2147483647;
			files = (
			);
			runOnlyForDeploymentPostprocessing = 0;
		};
/* End PBXResourcesBuildPhase section */

/* Begin PBXSourcesBuildPhase section */
		BDD12E28286638EB005C1149 /* Sources */ = {
			isa = PBXSourcesBuildPhase;
			buildActionMask = 2147483647;
			files = (
				BDD12E34286638EB005C1149 /* ViewController.swift in Sources */,
				BDD12E3A286638EB005C1149 /* ToDoProject.xcdatamodeld in Sources */,
				BDD12E30286638EB005C1149 /* AppDelegate.swift in Sources */,
				BDD12E32286638EB005C1149 /* SceneDelegate.swift in Sources */,
			);
			runOnlyForDeploymentPostprocessing = 0;
		};
		BDD12E41286638F4005C1149 /* Sources */ = {
			isa = PBXSourcesBuildPhase;
			buildActionMask = 2147483647;
			files = (
				BDD12E4A286638F4005C1149 /* ToDoProjectTests.swift in Sources */,
			);
			runOnlyForDeploymentPostprocessing = 0;
		};
		BDD12E4B286638F4005C1149 /* Sources */ = {
			isa = PBXSourcesBuildPhase;
			buildActionMask = 2147483647;
			files = (
				BDD12E56286638F4005C1149 /* ToDoProjectUITestsLaunchTests.swift in Sources */,
				BDD12E54286638F4005C1149 /* ToDoProjectUITests.swift in Sources */,
			);
			runOnlyForDeploymentPostprocessing = 0;
		};
/* End PBXSourcesBuildPhase section */

/* Begin PBXTargetDependency section */
		BDD12E47286638F4005C1149 /* PBXTargetDependency */ = {
			isa = PBXTargetDependency;
			target = BDD12E2B286638EB005C1149 /* ToDoProject */;
			targetProxy = BDD12E46286638F4005C1149 /* PBXContainerItemProxy */;
		};
		BDD12E51286638F4005C1149 /* PBXTargetDependency */ = {
			isa = PBXTargetDependency;
			target = BDD12E2B286638EB005C1149 /* ToDoProject */;
			targetProxy = BDD12E50286638F4005C1149 /* PBXContainerItemProxy */;
		};
/* End PBXTargetDependency section */

/* Begin PBXVariantGroup section */
		BDD12E35286638EB005C1149 /* Main.storyboard */ = {
			isa = PBXVariantGroup;
			children = (
				BDD12E36286638EB005C1149 /* Base */,
			);
			name = Main.storyboard;
			sourceTree = "<group>";
		};
		BDD12E3D286638F4005C1149 /* LaunchScreen.storyboard */ = {
			isa = PBXVariantGroup;
			children = (
				BDD12E3E286638F4005C1149 /* Base */,
			);
			name = LaunchScreen.storyboard;
			sourceTree = "<group>";
		};
/* End PBXVariantGroup section */

/* Begin XCBuildConfiguration section */
		BDD12E57286638F4005C1149 /* Debug */ = {
			isa = XCBuildConfiguration;
			buildSettings = {
				ALWAYS_SEARCH_USER_PATHS = NO;
				CLANG_ANALYZER_NONNULL = YES;
				CLANG_ANALYZER_NUMBER_OBJECT_CONVERSION = YES_AGGRESSIVE;
				CLANG_CXX_LANGUAGE_STANDARD = "gnu++17";
				CLANG_ENABLE_MODULES = YES;
				CLANG_ENABLE_OBJC_ARC = YES;
				CLANG_ENABLE_OBJC_WEAK = YES;
				CLANG_WARN_BLOCK_CAPTURE_AUTORELEASING = YES;
				CLANG_WARN_BOOL_CONVERSION = YES;
				CLANG_WARN_COMMA = YES;
				CLANG_WARN_CONSTANT_CONVERSION = YES;
				CLANG_WARN_DEPRECATED_OBJC_IMPLEMENTATIONS = YES;
				CLANG_WARN_DIRECT_OBJC_ISA_USAGE = YES_ERROR;
				CLANG_WARN_DOCUMENTATION_COMMENTS = YES;
				CLANG_WARN_EMPTY_BODY = YES;
				CLANG_WARN_ENUM_CONVERSION = YES;
				CLANG_WARN_INFINITE_RECURSION = YES;
				CLANG_WARN_INT_CONVERSION = YES;
				CLANG_WARN_NON_LITERAL_NULL_CONVERSION = YES;
				CLANG_WARN_OBJC_IMPLICIT_RETAIN_SELF = YES;
				CLANG_WARN_OBJC_LITERAL_CONVERSION = YES;
				CLANG_WARN_OBJC_ROOT_CLASS = YES_ERROR;
				CLANG_WARN_QUOTED_INCLUDE_IN_FRAMEWORK_HEADER = YES;
				CLANG_WARN_RANGE_LOOP_ANALYSIS = YES;
				CLANG_WARN_STRICT_PROTOTYPES = YES;
				CLANG_WARN_SUSPICIOUS_MOVE = YES;
				CLANG_WARN_UNGUARDED_AVAILABILITY = YES_AGGRESSIVE;
				CLANG_WARN_UNREACHABLE_CODE = YES;
				CLANG_WARN__DUPLICATE_METHOD_MATCH = YES;
				COPY_PHASE_STRIP = NO;
				DEBUG_INFORMATION_FORMAT = dwarf;
				ENABLE_STRICT_OBJC_MSGSEND = YES;
				ENABLE_TESTABILITY = YES;
				GCC_C_LANGUAGE_STANDARD = gnu11;
				GCC_DYNAMIC_NO_PIC = NO;
				GCC_NO_COMMON_BLOCKS = YES;
				GCC_OPTIMIZATION_LEVEL = 0;
				GCC_PREPROCESSOR_DEFINITIONS = (
					"DEBUG=1",
					"$(inherited)",
				);
				GCC_WARN_64_TO_32_BIT_CONVERSION = YES;
				GCC_WARN_ABOUT_RETURN_TYPE = YES_ERROR;
				GCC_WARN_UNDECLARED_SELECTOR = YES;
				GCC_WARN_UNINITIALIZED_AUTOS = YES_AGGRESSIVE;
				GCC_WARN_UNUSED_FUNCTION = YES;
				GCC_WARN_UNUSED_VARIABLE = YES;
				IPHONEOS_DEPLOYMENT_TARGET = 15.5;
				MTL_ENABLE_DEBUG_INFO = INCLUDE_SOURCE;
				MTL_FAST_MATH = YES;
				ONLY_ACTIVE_ARCH = YES;
				SDKROOT = iphoneos;
				SWIFT_ACTIVE_COMPILATION_CONDITIONS = DEBUG;
				SWIFT_OPTIMIZATION_LEVEL = "-Onone";
			};
			name = Debug;
		};
		BDD12E58286638F4005C1149 /* Release */ = {
			isa = XCBuildConfiguration;
			buildSettings = {
				ALWAYS_SEARCH_USER_PATHS = NO;
				CLANG_ANALYZER_NONNULL = YES;
				CLANG_ANALYZER_NUMBER_OBJECT_CONVERSION = YES_AGGRESSIVE;
				CLANG_CXX_LANGUAGE_STANDARD = "gnu++17";
				CLANG_ENABLE_MODULES = YES;
				CLANG_ENABLE_OBJC_ARC = YES;
				CLANG_ENABLE_OBJC_WEAK = YES;
				CLANG_WARN_BLOCK_CAPTURE_AUTORELEASING = YES;
				CLANG_WARN_BOOL_CONVERSION = YES;
				CLANG_WARN_COMMA = YES;
				CLANG_WARN_CONSTANT_CONVERSION = YES;
				CLANG_WARN_DEPRECATED_OBJC_IMPLEMENTATIONS = YES;
				CLANG_WARN_DIRECT_OBJC_ISA_USAGE = YES_ERROR;
				CLANG_WARN_DOCUMENTATION_COMMENTS = YES;
				CLANG_WARN_EMPTY_BODY = YES;
				CLANG_WARN_ENUM_CONVERSION = YES;
				CLANG_WARN_INFINITE_RECURSION = YES;
				CLANG_WARN_INT_CONVERSION = YES;
				CLANG_WARN_NON_LITERAL_NULL_CONVERSION = YES;
				CLANG_WARN_OBJC_IMPLICIT_RETAIN_SELF = YES;
				CLANG_WARN_OBJC_LITERAL_CONVERSION = YES;
				CLANG_WARN_OBJC_ROOT_CLASS = YES_ERROR;
				CLANG_WARN_QUOTED_INCLUDE_IN_FRAMEWORK_HEADER = YES;
				CLANG_WARN_RANGE_LOOP_ANALYSIS = YES;
				CLANG_WARN_STRICT_PROTOTYPES = YES;
				CLANG_WARN_SUSPICIOUS_MOVE = YES;
				CLANG_WARN_UNGUARDED_AVAILABILITY = YES_AGGRESSIVE;
				CLANG_WARN_UNREACHABLE_CODE = YES;
				CLANG_WARN__DUPLICATE_METHOD_MATCH = YES;
				COPY_PHASE_STRIP = NO;
				DEBUG_INFORMATION_FORMAT = "dwarf-with-dsym";
				ENABLE_NS_ASSERTIONS = NO;
				ENABLE_STRICT_OBJC_MSGSEND = YES;
				GCC_C_LANGUAGE_STANDARD = gnu11;
				GCC_NO_COMMON_BLOCKS = YES;
				GCC_WARN_64_TO_32_BIT_CONVERSION = YES;
				GCC_WARN_ABOUT_RETURN_TYPE = YES_ERROR;
				GCC_WARN_UNDECLARED_SELECTOR = YES;
				GCC_WARN_UNINITIALIZED_AUTOS = YES_AGGRESSIVE;
				GCC_WARN_UNUSED_FUNCTION = YES;
				GCC_WARN_UNUSED_VARIABLE = YES;
				IPHONEOS_DEPLOYMENT_TARGET = 15.5;
				MTL_ENABLE_DEBUG_INFO = NO;
				MTL_FAST_MATH = YES;
				SDKROOT = iphoneos;
				SWIFT_COMPILATION_MODE = wholemodule;
				SWIFT_OPTIMIZATION_LEVEL = "-O";
				VALIDATE_PRODUCT = YES;
			};
			name = Release;
		};
		BDD12E5A286638F4005C1149 /* Debug */ = {
			isa = XCBuildConfiguration;
			buildSettings = {
				ASSETCATALOG_COMPILER_APPICON_NAME = AppIcon;
				ASSETCATALOG_COMPILER_GLOBAL_ACCENT_COLOR_NAME = AccentColor;
				CODE_SIGN_STYLE = Automatic;
				CURRENT_PROJECT_VERSION = 1;
				GENERATE_INFOPLIST_FILE = YES;
				INFOPLIST_FILE = ToDoProject/Info.plist;
				INFOPLIST_KEY_UIApplicationSupportsIndirectInputEvents = YES;
				INFOPLIST_KEY_UILaunchStoryboardName = LaunchScreen;
				INFOPLIST_KEY_UIMainStoryboardFile = Main;
				INFOPLIST_KEY_UISupportedInterfaceOrientations_iPad = "UIInterfaceOrientationPortrait UIInterfaceOrientationPortraitUpsideDown UIInterfaceOrientationLandscapeLeft UIInterfaceOrientationLandscapeRight";
				INFOPLIST_KEY_UISupportedInterfaceOrientations_iPhone = "UIInterfaceOrientationPortrait UIInterfaceOrientationLandscapeLeft UIInterfaceOrientationLandscapeRight";
				LD_RUNPATH_SEARCH_PATHS = (
					"$(inherited)",
					"@executable_path/Frameworks",
				);
				MARKETING_VERSION = 1.0;
				PRODUCT_BUNDLE_IDENTIFIER = kwk.ToDoProject;
				PRODUCT_NAME = "$(TARGET_NAME)";
				SWIFT_EMIT_LOC_STRINGS = YES;
				SWIFT_VERSION = 5.0;
				TARGETED_DEVICE_FAMILY = "1,2";
			};
			name = Debug;
		};
		BDD12E5B286638F4005C1149 /* Release */ = {
			isa = XCBuildConfiguration;
			buildSettings = {
				ASSETCATALOG_COMPILER_APPICON_NAME = AppIcon;
				ASSETCATALOG_COMPILER_GLOBAL_ACCENT_COLOR_NAME = AccentColor;
				CODE_SIGN_STYLE = Automatic;
				CURRENT_PROJECT_VERSION = 1;
				GENERATE_INFOPLIST_FILE = YES;
				INFOPLIST_FILE = ToDoProject/Info.plist;
				INFOPLIST_KEY_UIApplicationSupportsIndirectInputEvents = YES;
				INFOPLIST_KEY_UILaunchStoryboardName = LaunchScreen;
				INFOPLIST_KEY_UIMainStoryboardFile = Main;
				INFOPLIST_KEY_UISupportedInterfaceOrientations_iPad = "UIInterfaceOrientationPortrait UIInterfaceOrientationPortraitUpsideDown UIInterfaceOrientationLandscapeLeft UIInterfaceOrientationLandscapeRight";
				INFOPLIST_KEY_UISupportedInterfaceOrientations_iPhone = "UIInterfaceOrientationPortrait UIInterfaceOrientationLandscapeLeft UIInterfaceOrientationLandscapeRight";
				LD_RUNPATH_SEARCH_PATHS = (
					"$(inherited)",
					"@executable_path/Frameworks",
				);
				MARKETING_VERSION = 1.0;
				PRODUCT_BUNDLE_IDENTIFIER = kwk.ToDoProject;
				PRODUCT_NAME = "$(TARGET_NAME)";
				SWIFT_EMIT_LOC_STRINGS = YES;
				SWIFT_VERSION = 5.0;
				TARGETED_DEVICE_FAMILY = "1,2";
			};
			name = Release;
		};
		BDD12E5D286638F4005C1149 /* Debug */ = {
			isa = XCBuildConfiguration;
			buildSettings = {
				ALWAYS_EMBED_SWIFT_STANDARD_LIBRARIES = YES;
				BUNDLE_LOADER = "$(TEST_HOST)";
				CODE_SIGN_STYLE = Automatic;
				CURRENT_PROJECT_VERSION = 1;
				GENERATE_INFOPLIST_FILE = YES;
				IPHONEOS_DEPLOYMENT_TARGET = 15.5;
				MARKETING_VERSION = 1.0;
				PRODUCT_BUNDLE_IDENTIFIER = kwk.ToDoProjectTests;
				PRODUCT_NAME = "$(TARGET_NAME)";
				SWIFT_EMIT_LOC_STRINGS = NO;
				SWIFT_VERSION = 5.0;
				TARGETED_DEVICE_FAMILY = "1,2";
				TEST_HOST = "$(BUILT_PRODUCTS_DIR)/ToDoProject.app/ToDoProject";
			};
			name = Debug;
		};
		BDD12E5E286638F4005C1149 /* Release */ = {
			isa = XCBuildConfiguration;
			buildSettings = {
				ALWAYS_EMBED_SWIFT_STANDARD_LIBRARIES = YES;
				BUNDLE_LOADER = "$(TEST_HOST)";
				CODE_SIGN_STYLE = Automatic;
				CURRENT_PROJECT_VERSION = 1;
				GENERATE_INFOPLIST_FILE = YES;
				IPHONEOS_DEPLOYMENT_TARGET = 15.5;
				MARKETING_VERSION = 1.0;
				PRODUCT_BUNDLE_IDENTIFIER = kwk.ToDoProjectTests;
				PRODUCT_NAME = "$(TARGET_NAME)";
				SWIFT_EMIT_LOC_STRINGS = NO;
				SWIFT_VERSION = 5.0;
				TARGETED_DEVICE_FAMILY = "1,2";
				TEST_HOST = "$(BUILT_PRODUCTS_DIR)/ToDoProject.app/ToDoProject";
			};
			name = Release;
		};
		BDD12E60286638F4005C1149 /* Debug */ = {
			isa = XCBuildConfiguration;
			buildSettings = {
				ALWAYS_EMBED_SWIFT_STANDARD_LIBRARIES = YES;
				CODE_SIGN_STYLE = Automatic;
				CURRENT_PROJECT_VERSION = 1;
				GENERATE_INFOPLIST_FILE = YES;
				MARKETING_VERSION = 1.0;
				PRODUCT_BUNDLE_IDENTIFIER = kwk.ToDoProjectUITests;
				PRODUCT_NAME = "$(TARGET_NAME)";
				SWIFT_EMIT_LOC_STRINGS = NO;
				SWIFT_VERSION = 5.0;
				TARGETED_DEVICE_FAMILY = "1,2";
				TEST_TARGET_NAME = ToDoProject;
			};
			name = Debug;
		};
		BDD12E61286638F4005C1149 /* Release */ = {
			isa = XCBuildConfiguration;
			buildSettings = {
				ALWAYS_EMBED_SWIFT_STANDARD_LIBRARIES = YES;
				CODE_SIGN_STYLE = Automatic;
				CURRENT_PROJECT_VERSION = 1;
				GENERATE_INFOPLIST_FILE = YES;
				MARKETING_VERSION = 1.0;
				PRODUCT_BUNDLE_IDENTIFIER = kwk.ToDoProjectUITests;
				PRODUCT_NAME = "$(TARGET_NAME)";
				SWIFT_EMIT_LOC_STRINGS = NO;
				SWIFT_VERSION = 5.0;
				TARGETED_DEVICE_FAMILY = "1,2";
				TEST_TARGET_NAME = ToDoProject;
			};
			name = Release;
		};
/* End XCBuildConfiguration section */

/* Begin XCConfigurationList section */
		BDD12E27286638EB005C1149 /* Build configuration list for PBXProject "ToDoProject" */ = {
			isa = XCConfigurationList;
			buildConfigurations = (
				BDD12E57286638F4005C1149 /* Debug */,
				BDD12E58286638F4005C1149 /* Release */,
			);
			defaultConfigurationIsVisible = 0;
			defaultConfigurationName = Release;
		};
		BDD12E59286638F4005C1149 /* Build configuration list for PBXNativeTarget "ToDoProject" */ = {
			isa = XCConfigurationList;
			buildConfigurations = (
				BDD12E5A286638F4005C1149 /* Debug */,
				BDD12E5B286638F4005C1149 /* Release */,
			);
			defaultConfigurationIsVisible = 0;
			defaultConfigurationName = Release;
		};
		BDD12E5C286638F4005C1149 /* Build configuration list for PBXNativeTarget "ToDoProjectTests" */ = {
			isa = XCConfigurationList;
			buildConfigurations = (
				BDD12E5D286638F4005C1149 /* Debug */,
				BDD12E5E286638F4005C1149 /* Release */,
			);
			defaultConfigurationIsVisible = 0;
			defaultConfigurationName = Release;
		};
		BDD12E5F286638F4005C1149 /* Build configuration list for PBXNativeTarget "ToDoProjectUITests" */ = {
			isa = XCConfigurationList;
			buildConfigurations = (
				BDD12E60286638F4005C1149 /* Debug */,
				BDD12E61286638F4005C1149 /* Release */,
			);
			defaultConfigurationIsVisible = 0;
			defaultConfigurationName = Release;
		};
/* End XCConfigurationList section */

/* Begin XCVersionGroup section */
		BDD12E38286638EB005C1149 /* ToDoProject.xcdatamodeld */ = {
			isa = XCVersionGroup;
			children = (
				BDD12E39286638EB005C1149 /* ToDoProject.xcdatamodel */,
			);
			currentVersion = BDD12E39286638EB005C1149 /* ToDoProject.xcdatamodel */;
			path = ToDoProject.xcdatamodeld;
			sourceTree = "<group>";
			versionGroupType = wrapper.xcdatamodel;
		};
/* End XCVersionGroup section */
	};
	rootObject = BDD12E24286638EB005C1149 /* Project object */;
}
